# THIS IS AN AUTOGENERATED FILE. DO NOT EDIT THIS FILE DIRECTLY.
# yarn lockfile v1


react-hooks@^1.0.1:
  version "1.0.1"
  resolved "https://registry.yarnpkg.com/react-hooks/-/react-hooks-1.0.1.tgz#e62197c38cd8d0703060f791234f7f4698aa7c44"
  integrity sha512-PXU08tw4SvKwkW99qgnyV98x939RCmBC6aXqALPQXPjKq6+6EoH79Rz4KdUozzlpSyWmn2IiEm0vh3p+79aP5w==
