# THIS IS AN AUTOGENERATED FILE. DO NOT EDIT THIS FILE DIRECTLY.
# yarn lockfile v1


headlessui@^0.0.0:
  version "0.0.0"
  resolved "https://registry.yarnpkg.com/headlessui/-/headlessui-0.0.0.tgz#bffbc91c40e9a6fa09c1e6064caaa670cabc68c0"
  integrity sha512-CHvacVPbl8AqIg2sBNKySUmumu7o15jSrCaTrIh9GW2Eq4y/krCN/vZFOsKCwlrhWQbO4267a8xvvP8bs+qREQ==

heroicons@^2.0.10:
  version "2.0.10"
  resolved "https://registry.yarnpkg.com/heroicons/-/heroicons-2.0.10.tgz#ab421e0190cfc4fcf642a116b80b9a2ee55f149f"
  integrity sha512-4f2UYy2cf2oHswZzdH2frENVk89RV/RLoNnDL577ulV1xsdTWBkM39Gzo2e9AXgTWJ3H95ol/Qs9JBSSU+APBg==
